
Microsoft Visual Studio Solution File, Format Version 12.00
# Visual Studio 15
VisualStudioVersion = 15.0.28307.136
MinimumVisualStudioVersion = 10.0.40219.1
Project("{FAE04EC0-301F-11D3-BF4B-00C04F79EFBC}") = "01-Root-Node", "01-Root-Node\01-Root-Node.csproj", "{024A61A5-AA6D-4487-8DEC-991470CAD076}"
EndProject
Project("{FAE04EC0-301F-11D3-BF4B-00C04F79EFBC}") = "02-Print-Tree", "02-Print-Tree\02-Print-Tree.csproj", "{0ECE090C-E4AD-4CFF-8B0C-C379A8FCEC20}"
EndProject
Project("{FAE04EC0-301F-11D3-BF4B-00C04F79EFBC}") = "03-Leaf-Nodes", "03-Leaf-Nodes\03-Leaf-Nodes.csproj", "{6F57584A-9F83-464B-8B98-798B142F1008}"
EndProject
Global
	GlobalSection(SolutionConfigurationPlatforms) = preSolution
		Debug|Any CPU = Debug|Any CPU
		Release|Any CPU = Release|Any CPU
	EndGlobalSection
	GlobalSection(ProjectConfigurationPlatforms) = postSolution
		{024A61A5-AA6D-4487-8DEC-991470CAD076}.Debug|Any CPU.ActiveCfg = Debug|Any CPU
		{024A61A5-AA6D-4487-8DEC-991470CAD076}.Debug|Any CPU.Build.0 = Debug|Any CPU
		{024A61A5-AA6D-4487-8DEC-991470CAD076}.Release|Any CPU.ActiveCfg = Release|Any CPU
		{024A61A5-AA6D-4487-8DEC-991470CAD076}.Release|Any CPU.Build.0 = Release|Any CPU
		{0ECE090C-E4AD-4CFF-8B0C-C379A8FCEC20}.Debug|Any CPU.ActiveCfg = Debug|Any CPU
		{0ECE090C-E4AD-4CFF-8B0C-C379A8FCEC20}.Debug|Any CPU.Build.0 = Debug|Any CPU
		{0ECE090C-E4AD-4CFF-8B0C-C379A8FCEC20}.Release|Any CPU.ActiveCfg = Release|Any CPU
		{0ECE090C-E4AD-4CFF-8B0C-C379A8FCEC20}.Release|Any CPU.Build.0 = Release|Any CPU
		{6F57584A-9F83-464B-8B98-798B142F1008}.Debug|Any CPU.ActiveCfg = Debug|Any CPU
		{6F57584A-9F83-464B-8B98-798B142F1008}.Debug|Any CPU.Build.0 = Debug|Any CPU
		{6F57584A-9F83-464B-8B98-798B142F1008}.Release|Any CPU.ActiveCfg = Release|Any CPU
		{6F57584A-9F83-464B-8B98-798B142F1008}.Release|Any CPU.Build.0 = Release|Any CPU
	EndGlobalSection
	GlobalSection(SolutionProperties) = preSolution
		HideSolutionNode = FALSE
	EndGlobalSection
	GlobalSection(ExtensibilityGlobals) = postSolution
		SolutionGuid = {2DA9018D-1790-44D6-B302-EB5473D66B44}
	EndGlobalSection
EndGlobal
