
Microsoft Visual Studio Solution File, Format Version 12.00
# Visual Studio 15
VisualStudioVersion = 15.0.28307.136
MinimumVisualStudioVersion = 10.0.40219.1
Project("{FAE04EC0-301F-11D3-BF4B-00C04F79EFBC}") = "01-Sum-And-Average", "01-Sum-And-Average\01-Sum-And-Average.csproj", "{55CAD27A-12E6-4D08-BF7A-56BD32755262}"
EndProject
Project("{FAE04EC0-301F-11D3-BF4B-00C04F79EFBC}") = "02-SortWords", "02-SortWords\02-SortWords.csproj", "{F7BABCC0-0F19-4690-B0F9-9B0695EDC589}"
EndProject
Project("{FAE04EC0-301F-11D3-BF4B-00C04F79EFBC}") = "03-Longest-Subsequence", "03-Longest-Subsequence\03-Longest-Subsequence.csproj", "{C43E3E85-3261-4AB6-85B6-07D3194E4E7E}"
EndProject
Project("{FAE04EC0-301F-11D3-BF4B-00C04F79EFBC}") = "04-Remove-Odd-Occurrences", "04-Remove-Odd-Occurrences\04-Remove-Odd-Occurrences.csproj", "{7F69A255-A898-4E0A-B1E2-09D0A623EDE0}"
EndProject
Project("{FAE04EC0-301F-11D3-BF4B-00C04F79EFBC}") = "05-Count-Of-Occurrences", "05-Count-Of-Occurrences\05-Count-Of-Occurrences.csproj", "{EBA7004B-4B2E-4A8A-AE3E-8A76FE7D7904}"
EndProject
Project("{FAE04EC0-301F-11D3-BF4B-00C04F79EFBC}") = "06-Reversed-List", "06-Reversed-List\06-Reversed-List.csproj", "{CA697E3C-64AB-4E9F-8465-31ED4EA3525F}"
EndProject
Project("{FAE04EC0-301F-11D3-BF4B-00C04F79EFBC}") = "07-Distance-In-Labyrinth", "07-Distance-In-Labyrinth\07-Distance-In-Labyrinth.csproj", "{EDA75BE0-6D31-4149-B6BA-BEB052B99484}"
EndProject
Project("{FAE04EC0-301F-11D3-BF4B-00C04F79EFBC}") = "DoublyLinkedList", "DoublyLinkedList\DoublyLinkedList.csproj", "{2CB50F92-35AF-47E5-BA6F-02446AACD536}"
EndProject
Project("{FAE04EC0-301F-11D3-BF4B-00C04F79EFBC}") = "DoublyLinkedList.Tests", "DoublyLinkedList.Tests\DoublyLinkedList.Tests.csproj", "{D852AD35-E7FC-499B-A913-11479BB76674}"
EndProject
Global
	GlobalSection(SolutionConfigurationPlatforms) = preSolution
		Debug|Any CPU = Debug|Any CPU
		Release|Any CPU = Release|Any CPU
	EndGlobalSection
	GlobalSection(ProjectConfigurationPlatforms) = postSolution
		{55CAD27A-12E6-4D08-BF7A-56BD32755262}.Debug|Any CPU.ActiveCfg = Debug|Any CPU
		{55CAD27A-12E6-4D08-BF7A-56BD32755262}.Debug|Any CPU.Build.0 = Debug|Any CPU
		{55CAD27A-12E6-4D08-BF7A-56BD32755262}.Release|Any CPU.ActiveCfg = Release|Any CPU
		{55CAD27A-12E6-4D08-BF7A-56BD32755262}.Release|Any CPU.Build.0 = Release|Any CPU
		{F7BABCC0-0F19-4690-B0F9-9B0695EDC589}.Debug|Any CPU.ActiveCfg = Debug|Any CPU
		{F7BABCC0-0F19-4690-B0F9-9B0695EDC589}.Debug|Any CPU.Build.0 = Debug|Any CPU
		{F7BABCC0-0F19-4690-B0F9-9B0695EDC589}.Release|Any CPU.ActiveCfg = Release|Any CPU
		{F7BABCC0-0F19-4690-B0F9-9B0695EDC589}.Release|Any CPU.Build.0 = Release|Any CPU
		{C43E3E85-3261-4AB6-85B6-07D3194E4E7E}.Debug|Any CPU.ActiveCfg = Debug|Any CPU
		{C43E3E85-3261-4AB6-85B6-07D3194E4E7E}.Debug|Any CPU.Build.0 = Debug|Any CPU
		{C43E3E85-3261-4AB6-85B6-07D3194E4E7E}.Release|Any CPU.ActiveCfg = Release|Any CPU
		{C43E3E85-3261-4AB6-85B6-07D3194E4E7E}.Release|Any CPU.Build.0 = Release|Any CPU
		{7F69A255-A898-4E0A-B1E2-09D0A623EDE0}.Debug|Any CPU.ActiveCfg = Debug|Any CPU
		{7F69A255-A898-4E0A-B1E2-09D0A623EDE0}.Debug|Any CPU.Build.0 = Debug|Any CPU
		{7F69A255-A898-4E0A-B1E2-09D0A623EDE0}.Release|Any CPU.ActiveCfg = Release|Any CPU
		{7F69A255-A898-4E0A-B1E2-09D0A623EDE0}.Release|Any CPU.Build.0 = Release|Any CPU
		{EBA7004B-4B2E-4A8A-AE3E-8A76FE7D7904}.Debug|Any CPU.ActiveCfg = Debug|Any CPU
		{EBA7004B-4B2E-4A8A-AE3E-8A76FE7D7904}.Debug|Any CPU.Build.0 = Debug|Any CPU
		{EBA7004B-4B2E-4A8A-AE3E-8A76FE7D7904}.Release|Any CPU.ActiveCfg = Release|Any CPU
		{EBA7004B-4B2E-4A8A-AE3E-8A76FE7D7904}.Release|Any CPU.Build.0 = Release|Any CPU
		{CA697E3C-64AB-4E9F-8465-31ED4EA3525F}.Debug|Any CPU.ActiveCfg = Debug|Any CPU
		{CA697E3C-64AB-4E9F-8465-31ED4EA3525F}.Debug|Any CPU.Build.0 = Debug|Any CPU
		{CA697E3C-64AB-4E9F-8465-31ED4EA3525F}.Release|Any CPU.ActiveCfg = Release|Any CPU
		{CA697E3C-64AB-4E9F-8465-31ED4EA3525F}.Release|Any CPU.Build.0 = Release|Any CPU
		{EDA75BE0-6D31-4149-B6BA-BEB052B99484}.Debug|Any CPU.ActiveCfg = Debug|Any CPU
		{EDA75BE0-6D31-4149-B6BA-BEB052B99484}.Debug|Any CPU.Build.0 = Debug|Any CPU
		{EDA75BE0-6D31-4149-B6BA-BEB052B99484}.Release|Any CPU.ActiveCfg = Release|Any CPU
		{EDA75BE0-6D31-4149-B6BA-BEB052B99484}.Release|Any CPU.Build.0 = Release|Any CPU
		{2CB50F92-35AF-47E5-BA6F-02446AACD536}.Debug|Any CPU.ActiveCfg = Debug|Any CPU
		{2CB50F92-35AF-47E5-BA6F-02446AACD536}.Debug|Any CPU.Build.0 = Debug|Any CPU
		{2CB50F92-35AF-47E5-BA6F-02446AACD536}.Release|Any CPU.ActiveCfg = Release|Any CPU
		{2CB50F92-35AF-47E5-BA6F-02446AACD536}.Release|Any CPU.Build.0 = Release|Any CPU
		{D852AD35-E7FC-499B-A913-11479BB76674}.Debug|Any CPU.ActiveCfg = Debug|Any CPU
		{D852AD35-E7FC-499B-A913-11479BB76674}.Debug|Any CPU.Build.0 = Debug|Any CPU
		{D852AD35-E7FC-499B-A913-11479BB76674}.Release|Any CPU.ActiveCfg = Release|Any CPU
		{D852AD35-E7FC-499B-A913-11479BB76674}.Release|Any CPU.Build.0 = Release|Any CPU
	EndGlobalSection
	GlobalSection(SolutionProperties) = preSolution
		HideSolutionNode = FALSE
	EndGlobalSection
	GlobalSection(ExtensibilityGlobals) = postSolution
		SolutionGuid = {7BC0E377-FBA6-4D87-952D-B3609FA624AF}
	EndGlobalSection
EndGlobal
